
Microsoft Visual Studio Solution File, Format Version 12.00
# Visual Studio Version 16
VisualStudioVersion = 16.0.31424.327
MinimumVisualStudioVersion = 10.0.40219.1
Project("{FAE04EC0-301F-11D3-BF4B-00C04F79EFBC}") = "CMS", "CMS\CMS.csproj", "{63586D7A-6DD6-4136-98C3-AFAEEC2F6F53}"
EndProject
Global
	GlobalSection(SolutionConfigurationPlatforms) = preSolution
		Debug|Any CPU = Debug|Any CPU
		Release|Any CPU = Release|Any CPU
	EndGlobalSection
	GlobalSection(ProjectConfigurationPlatforms) = postSolution
		{63586D7A-6DD6-4136-98C3-AFAEEC2F6F53}.Debug|Any CPU.ActiveCfg = Debug|Any CPU
		{63586D7A-6DD6-4136-98C3-AFAEEC2F6F53}.Debug|Any CPU.Build.0 = Debug|Any CPU
		{63586D7A-6DD6-4136-98C3-AFAEEC2F6F53}.Release|Any CPU.ActiveCfg = Release|Any CPU
		{63586D7A-6DD6-4136-98C3-AFAEEC2F6F53}.Release|Any CPU.Build.0 = Release|Any CPU
	EndGlobalSection
	GlobalSection(SolutionProperties) = preSolution
		HideSolutionNode = FALSE
	EndGlobalSection
	GlobalSection(ExtensibilityGlobals) = postSolution
		SolutionGuid = {476342FC-F08C-414D-BB55-25240D881F25}
	EndGlobalSection
EndGlobal
