
Microsoft Visual Studio Solution File, Format Version 12.00
# Visual Studio Version 16
VisualStudioVersion = 16.0.31424.327
MinimumVisualStudioVersion = 10.0.40219.1
Project("{9A19103F-16F7-4668-BE54-9A1E7A4F7556}") = "HelloWord", "HelloWord\HelloWord.csproj", "{7C16350A-2C02-4810-9028-093FFEB71165}"
	ProjectSection(ProjectDependencies) = postProject
		{FDA16BA3-C141-4A52-942D-DF4E5FE076C7} = {FDA16BA3-C141-4A52-942D-DF4E5FE076C7}
	EndProjectSection
EndProject
Project("{FAE04EC0-301F-11D3-BF4B-00C04F79EFBC}") = "CarLibrary", "CarLibrary\CarLibrary.csproj", "{FDA16BA3-C141-4A52-942D-DF4E5FE076C7}"
EndProject
Global
	GlobalSection(SolutionConfigurationPlatforms) = preSolution
		Debug|Any CPU = Debug|Any CPU
		Release|Any CPU = Release|Any CPU
	EndGlobalSection
	GlobalSection(ProjectConfigurationPlatforms) = postSolution
		{7C16350A-2C02-4810-9028-093FFEB71165}.Debug|Any CPU.ActiveCfg = Debug|Any CPU
		{7C16350A-2C02-4810-9028-093FFEB71165}.Debug|Any CPU.Build.0 = Debug|Any CPU
		{7C16350A-2C02-4810-9028-093FFEB71165}.Release|Any CPU.ActiveCfg = Release|Any CPU
		{7C16350A-2C02-4810-9028-093FFEB71165}.Release|Any CPU.Build.0 = Release|Any CPU
		{FDA16BA3-C141-4A52-942D-DF4E5FE076C7}.Debug|Any CPU.ActiveCfg = Debug|Any CPU
		{FDA16BA3-C141-4A52-942D-DF4E5FE076C7}.Debug|Any CPU.Build.0 = Debug|Any CPU
		{FDA16BA3-C141-4A52-942D-DF4E5FE076C7}.Release|Any CPU.ActiveCfg = Release|Any CPU
		{FDA16BA3-C141-4A52-942D-DF4E5FE076C7}.Release|Any CPU.Build.0 = Release|Any CPU
	EndGlobalSection
	GlobalSection(SolutionProperties) = preSolution
		HideSolutionNode = FALSE
	EndGlobalSection
	GlobalSection(ExtensibilityGlobals) = postSolution
		SolutionGuid = {30D1614B-F7AF-430C-839B-C4159B009335}
	EndGlobalSection
EndGlobal
