
Microsoft Visual Studio Solution File, Format Version 12.00
# Visual Studio Version 16
VisualStudioVersion = 16.0.32126.315
MinimumVisualStudioVersion = 10.0.40219.1
Project("{FAE04EC0-301F-11D3-BF4B-00C04F79EFBC}") = "Helloworld", "Helloworld\Helloworld.csproj", "{24A168CE-0F07-49D6-A6FE-A0B1A344A01C}"
EndProject
Global
	GlobalSection(SolutionConfigurationPlatforms) = preSolution
		Debug|Any CPU = Debug|Any CPU
		Release|Any CPU = Release|Any CPU
	EndGlobalSection
	GlobalSection(ProjectConfigurationPlatforms) = postSolution
		{24A168CE-0F07-49D6-A6FE-A0B1A344A01C}.Debug|Any CPU.ActiveCfg = Debug|Any CPU
		{24A168CE-0F07-49D6-A6FE-A0B1A344A01C}.Debug|Any CPU.Build.0 = Debug|Any CPU
		{24A168CE-0F07-49D6-A6FE-A0B1A344A01C}.Release|Any CPU.ActiveCfg = Release|Any CPU
		{24A168CE-0F07-49D6-A6FE-A0B1A344A01C}.Release|Any CPU.Build.0 = Release|Any CPU
	EndGlobalSection
	GlobalSection(SolutionProperties) = preSolution
		HideSolutionNode = FALSE
	EndGlobalSection
	GlobalSection(ExtensibilityGlobals) = postSolution
		SolutionGuid = {BD7C0B1D-0D28-438D-AC30-CADBFB3DF16D}
	EndGlobalSection
EndGlobal
